
Microsoft Visual Studio Solution File, Format Version 12.00
# Visual Studio Version 16
VisualStudioVersion = 16.0.29911.84
MinimumVisualStudioVersion = 10.0.40219.1
Project("{FAE04EC0-301F-11D3-BF4B-00C04F79EFBC}") = "ApiExportingSample", "ApiExportingSample\ApiExportingSample.csproj", "{C9B0830D-8EA5-4272-B8B2-51424D9DEBCA}"
EndProject
Global
	GlobalSection(SolutionConfigurationPlatforms) = preSolution
		Debug|Any CPU = Debug|Any CPU
		Release|Any CPU = Release|Any CPU
	EndGlobalSection
	GlobalSection(ProjectConfigurationPlatforms) = postSolution
		{C9B0830D-8EA5-4272-B8B2-51424D9DEBCA}.Debug|Any CPU.ActiveCfg = Debug|Any CPU
		{C9B0830D-8EA5-4272-B8B2-51424D9DEBCA}.Debug|Any CPU.Build.0 = Debug|Any CPU
		{C9B0830D-8EA5-4272-B8B2-51424D9DEBCA}.Release|Any CPU.ActiveCfg = Release|Any CPU
		{C9B0830D-8EA5-4272-B8B2-51424D9DEBCA}.Release|Any CPU.Build.0 = Release|Any CPU
	EndGlobalSection
	GlobalSection(SolutionProperties) = preSolution
		HideSolutionNode = FALSE
	EndGlobalSection
	GlobalSection(ExtensibilityGlobals) = postSolution
		SolutionGuid = {95293DE4-0B5E-49AB-B82C-3FE6DEA632AD}
	EndGlobalSection
EndGlobal
